
Microsoft Visual Studio Solution File, Format Version 12.00
# Visual Studio Version 16
VisualStudioVersion = 16.0.30907.101
MinimumVisualStudioVersion = 10.0.40219.1
Project("{FAE04EC0-301F-11D3-BF4B-00C04F79EFBC}") = "DemoKartBL", "DemoKartBL\DemoKartBL.csproj", "{4C4690B5-7D34-4E32-96ED-D3AB1D476BA5}"
EndProject
Project("{FAE04EC0-301F-11D3-BF4B-00C04F79EFBC}") = "DemoKartMainProgram", "DemoKartMainProgram\DemoKartMainProgram.csproj", "{6AACC2FE-4361-44FE-8E38-744729AD2230}"
EndProject
Project("{FAE04EC0-301F-11D3-BF4B-00C04F79EFBC}") = "DemoKartBLTests", "DemoKartBLTests\DemoKartBLTests.csproj", "{F37C7CE9-960F-418F-BDE7-45F63023BB42}"
EndProject
Global
	GlobalSection(SolutionConfigurationPlatforms) = preSolution
		Debug|Any CPU = Debug|Any CPU
		Release|Any CPU = Release|Any CPU
	EndGlobalSection
	GlobalSection(ProjectConfigurationPlatforms) = postSolution
		{4C4690B5-7D34-4E32-96ED-D3AB1D476BA5}.Debug|Any CPU.ActiveCfg = Debug|Any CPU
		{4C4690B5-7D34-4E32-96ED-D3AB1D476BA5}.Debug|Any CPU.Build.0 = Debug|Any CPU
		{4C4690B5-7D34-4E32-96ED-D3AB1D476BA5}.Release|Any CPU.ActiveCfg = Release|Any CPU
		{4C4690B5-7D34-4E32-96ED-D3AB1D476BA5}.Release|Any CPU.Build.0 = Release|Any CPU
		{6AACC2FE-4361-44FE-8E38-744729AD2230}.Debug|Any CPU.ActiveCfg = Debug|Any CPU
		{6AACC2FE-4361-44FE-8E38-744729AD2230}.Debug|Any CPU.Build.0 = Debug|Any CPU
		{6AACC2FE-4361-44FE-8E38-744729AD2230}.Release|Any CPU.ActiveCfg = Release|Any CPU
		{6AACC2FE-4361-44FE-8E38-744729AD2230}.Release|Any CPU.Build.0 = Release|Any CPU
		{F37C7CE9-960F-418F-BDE7-45F63023BB42}.Debug|Any CPU.ActiveCfg = Debug|Any CPU
		{F37C7CE9-960F-418F-BDE7-45F63023BB42}.Debug|Any CPU.Build.0 = Debug|Any CPU
		{F37C7CE9-960F-418F-BDE7-45F63023BB42}.Release|Any CPU.ActiveCfg = Release|Any CPU
		{F37C7CE9-960F-418F-BDE7-45F63023BB42}.Release|Any CPU.Build.0 = Release|Any CPU
	EndGlobalSection
	GlobalSection(SolutionProperties) = preSolution
		HideSolutionNode = FALSE
	EndGlobalSection
	GlobalSection(ExtensibilityGlobals) = postSolution
		SolutionGuid = {A400A381-9B1E-4553-BC74-0DCC8A7AFC90}
	EndGlobalSection
EndGlobal
